
Microsoft Visual Studio Solution File, Format Version 12.00
# Visual Studio 15
VisualStudioVersion = 15.0.28307.960
MinimumVisualStudioVersion = 10.0.40219.1
Project("{FAE04EC0-301F-11D3-BF4B-00C04F79EFBC}") = "RnD.AzureLoadBalancer", "RnD.AzureLoadBalancer\RnD.AzureLoadBalancer.csproj", "{BF5D990C-8EDC-4C16-9A90-D426A22AC8E2}"
EndProject
Global
	GlobalSection(SolutionConfigurationPlatforms) = preSolution
		Debug|Any CPU = Debug|Any CPU
		Release|Any CPU = Release|Any CPU
	EndGlobalSection
	GlobalSection(ProjectConfigurationPlatforms) = postSolution
		{BF5D990C-8EDC-4C16-9A90-D426A22AC8E2}.Debug|Any CPU.ActiveCfg = Debug|Any CPU
		{BF5D990C-8EDC-4C16-9A90-D426A22AC8E2}.Debug|Any CPU.Build.0 = Debug|Any CPU
		{BF5D990C-8EDC-4C16-9A90-D426A22AC8E2}.Release|Any CPU.ActiveCfg = Release|Any CPU
		{BF5D990C-8EDC-4C16-9A90-D426A22AC8E2}.Release|Any CPU.Build.0 = Release|Any CPU
	EndGlobalSection
	GlobalSection(SolutionProperties) = preSolution
		HideSolutionNode = FALSE
	EndGlobalSection
	GlobalSection(ExtensibilityGlobals) = postSolution
		SolutionGuid = {206F5321-E8AD-478B-AD1E-8A38D8BA64D8}
	EndGlobalSection
EndGlobal
