
Microsoft Visual Studio Solution File, Format Version 12.00
# Visual Studio 14
VisualStudioVersion = 14.0.25420.1
MinimumVisualStudioVersion = 10.0.40219.1
Project("{FAE04EC0-301F-11D3-BF4B-00C04F79EFBC}") = "QuizGamingApp.Web", "QuizGamingApp.Web\QuizGamingApp.Web.csproj", "{E97FA648-2A20-43CF-94E5-5D537F43AEED}"
EndProject
Project("{FAE04EC0-301F-11D3-BF4B-00C04F79EFBC}") = "QuizGamingApp.Core", "QuizGamingApp.Core\QuizGamingApp.Core.csproj", "{51B9F863-8E31-41EB-81D8-14C8645D63AD}"
EndProject
Global
	GlobalSection(SolutionConfigurationPlatforms) = preSolution
		Debug|Any CPU = Debug|Any CPU
		Release|Any CPU = Release|Any CPU
	EndGlobalSection
	GlobalSection(ProjectConfigurationPlatforms) = postSolution
		{E97FA648-2A20-43CF-94E5-5D537F43AEED}.Debug|Any CPU.ActiveCfg = Debug|Any CPU
		{E97FA648-2A20-43CF-94E5-5D537F43AEED}.Debug|Any CPU.Build.0 = Debug|Any CPU
		{E97FA648-2A20-43CF-94E5-5D537F43AEED}.Release|Any CPU.ActiveCfg = Release|Any CPU
		{E97FA648-2A20-43CF-94E5-5D537F43AEED}.Release|Any CPU.Build.0 = Release|Any CPU
		{51B9F863-8E31-41EB-81D8-14C8645D63AD}.Debug|Any CPU.ActiveCfg = Debug|Any CPU
		{51B9F863-8E31-41EB-81D8-14C8645D63AD}.Debug|Any CPU.Build.0 = Debug|Any CPU
		{51B9F863-8E31-41EB-81D8-14C8645D63AD}.Release|Any CPU.ActiveCfg = Release|Any CPU
		{51B9F863-8E31-41EB-81D8-14C8645D63AD}.Release|Any CPU.Build.0 = Release|Any CPU
	EndGlobalSection
	GlobalSection(SolutionProperties) = preSolution
		HideSolutionNode = FALSE
	EndGlobalSection
	GlobalSection(ExtensibilityGlobals) = postSolution
		SolutionGuid = {56B15496-F7B5-4CF2-B311-9A830F0F7A05}
	EndGlobalSection
EndGlobal
