
Microsoft Visual Studio Solution File, Format Version 12.00
# Visual Studio 15
VisualStudioVersion = 15.0.28307.168
MinimumVisualStudioVersion = 10.0.40219.1
Project("{FAE04EC0-301F-11D3-BF4B-00C04F79EFBC}") = "lab.ConsoleApps", "lab.ConsoleApps\lab.ConsoleApps.csproj", "{9A900D64-9458-49EC-B122-1CE4DAC5E2AE}"
EndProject
Global
	GlobalSection(SolutionConfigurationPlatforms) = preSolution
		Debug|Any CPU = Debug|Any CPU
		Release|Any CPU = Release|Any CPU
	EndGlobalSection
	GlobalSection(ProjectConfigurationPlatforms) = postSolution
		{9A900D64-9458-49EC-B122-1CE4DAC5E2AE}.Debug|Any CPU.ActiveCfg = Debug|Any CPU
		{9A900D64-9458-49EC-B122-1CE4DAC5E2AE}.Debug|Any CPU.Build.0 = Debug|Any CPU
		{9A900D64-9458-49EC-B122-1CE4DAC5E2AE}.Release|Any CPU.ActiveCfg = Release|Any CPU
		{9A900D64-9458-49EC-B122-1CE4DAC5E2AE}.Release|Any CPU.Build.0 = Release|Any CPU
	EndGlobalSection
	GlobalSection(SolutionProperties) = preSolution
		HideSolutionNode = FALSE
	EndGlobalSection
	GlobalSection(ExtensibilityGlobals) = postSolution
		SolutionGuid = {EAFC4D14-2E4D-4B5E-A114-CC20C18E5A56}
	EndGlobalSection
EndGlobal
