
Microsoft Visual Studio Solution File, Format Version 12.00
# Visual Studio 15
VisualStudioVersion = 15.0.28307.960
MinimumVisualStudioVersion = 10.0.40219.1
Project("{FAE04EC0-301F-11D3-BF4B-00C04F79EFBC}") = "RnD.SocialMediaAuth", "RnD.SocialMediaAuth\RnD.SocialMediaAuth.csproj", "{BB06778E-0785-4BC6-B2B3-9E6016A183D4}"
EndProject
Global
	GlobalSection(SolutionConfigurationPlatforms) = preSolution
		Debug|Any CPU = Debug|Any CPU
		Release|Any CPU = Release|Any CPU
	EndGlobalSection
	GlobalSection(ProjectConfigurationPlatforms) = postSolution
		{BB06778E-0785-4BC6-B2B3-9E6016A183D4}.Debug|Any CPU.ActiveCfg = Debug|Any CPU
		{BB06778E-0785-4BC6-B2B3-9E6016A183D4}.Debug|Any CPU.Build.0 = Debug|Any CPU
		{BB06778E-0785-4BC6-B2B3-9E6016A183D4}.Release|Any CPU.ActiveCfg = Release|Any CPU
		{BB06778E-0785-4BC6-B2B3-9E6016A183D4}.Release|Any CPU.Build.0 = Release|Any CPU
	EndGlobalSection
	GlobalSection(SolutionProperties) = preSolution
		HideSolutionNode = FALSE
	EndGlobalSection
	GlobalSection(ExtensibilityGlobals) = postSolution
		SolutionGuid = {7B2770CE-A864-4270-9917-5CD3176ACEAD}
	EndGlobalSection
EndGlobal
